
Microsoft Visual Studio Solution File, Format Version 12.00
# Visual Studio Version 17
VisualStudioVersion = 17.4.33122.133
MinimumVisualStudioVersion = 10.0.40219.1
Project("{FAE04EC0-301F-11D3-BF4B-00C04F79EFBC}") = "dashboard", "dashboard\dashboard.csproj", "{2F673E7E-FF46-4758-91BA-C7E254736CA8}"
EndProject
Global
	GlobalSection(SolutionConfigurationPlatforms) = preSolution
		Debug|Any CPU = Debug|Any CPU
		Release|Any CPU = Release|Any CPU
	EndGlobalSection
	GlobalSection(ProjectConfigurationPlatforms) = postSolution
		{2F673E7E-FF46-4758-91BA-C7E254736CA8}.Debug|Any CPU.ActiveCfg = Debug|Any CPU
		{2F673E7E-FF46-4758-91BA-C7E254736CA8}.Debug|Any CPU.Build.0 = Debug|Any CPU
		{2F673E7E-FF46-4758-91BA-C7E254736CA8}.Release|Any CPU.ActiveCfg = Release|Any CPU
		{2F673E7E-FF46-4758-91BA-C7E254736CA8}.Release|Any CPU.Build.0 = Release|Any CPU
	EndGlobalSection
	GlobalSection(SolutionProperties) = preSolution
		HideSolutionNode = FALSE
	EndGlobalSection
	GlobalSection(ExtensibilityGlobals) = postSolution
		SolutionGuid = {3ACD2641-E6E9-4278-9AB0-9C680D7353C1}
	EndGlobalSection
EndGlobal
