
Microsoft Visual Studio Solution File, Format Version 12.00
# Visual Studio Version 17
VisualStudioVersion = 17.4.33122.133
MinimumVisualStudioVersion = 10.0.40219.1
Project("{FAE04EC0-301F-11D3-BF4B-00C04F79EFBC}") = "mayviet", "mayviet\mayviet.csproj", "{D3AD3C85-6488-4BC7-929B-CC84D6F9B251}"
EndProject
Global
	GlobalSection(SolutionConfigurationPlatforms) = preSolution
		Debug|Any CPU = Debug|Any CPU
		Release|Any CPU = Release|Any CPU
	EndGlobalSection
	GlobalSection(ProjectConfigurationPlatforms) = postSolution
		{D3AD3C85-6488-4BC7-929B-CC84D6F9B251}.Debug|Any CPU.ActiveCfg = Debug|Any CPU
		{D3AD3C85-6488-4BC7-929B-CC84D6F9B251}.Debug|Any CPU.Build.0 = Debug|Any CPU
		{D3AD3C85-6488-4BC7-929B-CC84D6F9B251}.Release|Any CPU.ActiveCfg = Release|Any CPU
		{D3AD3C85-6488-4BC7-929B-CC84D6F9B251}.Release|Any CPU.Build.0 = Release|Any CPU
	EndGlobalSection
	GlobalSection(SolutionProperties) = preSolution
		HideSolutionNode = FALSE
	EndGlobalSection
	GlobalSection(ExtensibilityGlobals) = postSolution
		SolutionGuid = {290BFF0D-D2FE-438D-9C41-7C3DC41417A6}
	EndGlobalSection
EndGlobal
